{
  "version": 4,
  "terraform_version": "1.12.0",
  "serial": 163,
  "lineage": "9d781a58-15dc-84bf-bc32-cb5994e9029b",
  "outputs": {},
  "resources": [
    {
      "mode": "managed",
      "type": "libvirt_cloudinit_disk",
      "name": "masters",
      "provider": "provider[\"registry.terraform.io/dmacvicar/libvirt\"]",
      "instances": [
        {
          "index_key": 0,
          "schema_version": 0,
          "attributes": {
            "id": "/var/lib/libvirt/pools/main/masters0.iso;d5c4128d-de85-4d85-ad4a-69f4a7df7133",
            "meta_data": "",
            "name": "masters0.iso",
            "network_config": "version: 2\nethernets:\n  ens3:\n    dhcp4: true\n    dhcp6: true",
            "pool": "main",
            "user_data": "#cloud-config\ndisable_root: false\nhostname: masters0\ngrowpart:\n  mode: auto\n  devices:\n    - \"/\"\nssh_pwauth: true\nusers:\n  - name: masters0\n    passwd: \"$6$BIqaf9QFp8aL.H2s$uT1GsgzYhdxmKUm0q89ROxVhsvYLlvmFQtAGwOpJ.toOEnUQGvQzQfDTLI/bcEVPFBw7m/NnGzSoTdxXsF7DS.\"\n    sudo: ALL=(ALL) NOPASSWD:ALL\n    groups: wheel\n    shell: /bin/bash\n    lock_passwd: false\npackage_update: true\npackages:\n  - conntrack\n  - socat\n  - frr\n\n"
          },
          "sensitive_attributes": [],
          "identity_schema_version": 0,
          "private": "bnVsbA=="
        }
      ]
    },
    {
      "mode": "managed",
      "type": "libvirt_cloudinit_disk",
      "name": "workers",
      "provider": "provider[\"registry.terraform.io/dmacvicar/libvirt\"]",
      "instances": [
        {
          "index_key": 0,
          "schema_version": 0,
          "attributes": {
            "id": "/var/lib/libvirt/pools/main/workers0.iso;77a26eb5-277f-4e0c-acef-503a53cf412d",
            "meta_data": "",
            "name": "workers0.iso",
            "network_config": "version: 2\nethernets:\n  ens3:\n    dhcp4: true\n    dhcp6: true",
            "pool": "main",
            "user_data": "#cloud-config\ndisable_root: false\nhostname: workers0\ngrowpart:\n  mode: auto\n  devices:\n    - \"/\"\nssh_pwauth: true\nusers:\n  - name: workers0\n    passwd: \"$6$BIqaf9QFp8aL.H2s$uT1GsgzYhdxmKUm0q89ROxVhsvYLlvmFQtAGwOpJ.toOEnUQGvQzQfDTLI/bcEVPFBw7m/NnGzSoTdxXsF7DS.\"\n    sudo: ALL=(ALL) NOPASSWD:ALL\n    groups: wheel\n    shell: /bin/bash\n    lock_passwd: false\npackage_update: true\npackages:\n  - conntrack\n  - socat\n  - frr"
          },
          "sensitive_attributes": [],
          "identity_schema_version": 0,
          "private": "bnVsbA=="
        },
        {
          "index_key": 1,
          "schema_version": 0,
          "attributes": {
            "id": "/var/lib/libvirt/pools/main/workers1.iso;da630706-850a-4b21-964d-b695651a592b",
            "meta_data": "",
            "name": "workers1.iso",
            "network_config": "version: 2\nethernets:\n  ens3:\n    dhcp4: true\n    dhcp6: true",
            "pool": "main",
            "user_data": "#cloud-config\ndisable_root: false\nhostname: workers1\ngrowpart:\n  mode: auto\n  devices:\n    - \"/\"\nssh_pwauth: true\nusers:\n  - name: workers1\n    passwd: \"$6$BIqaf9QFp8aL.H2s$uT1GsgzYhdxmKUm0q89ROxVhsvYLlvmFQtAGwOpJ.toOEnUQGvQzQfDTLI/bcEVPFBw7m/NnGzSoTdxXsF7DS.\"\n    sudo: ALL=(ALL) NOPASSWD:ALL\n    groups: wheel\n    shell: /bin/bash\n    lock_passwd: false\npackage_update: true\npackages:\n  - conntrack\n  - socat\n  - frr"
          },
          "sensitive_attributes": [],
          "identity_schema_version": 0,
          "private": "bnVsbA=="
        }
      ]
    },
    {
      "mode": "managed",
      "type": "libvirt_volume",
      "name": "masters",
      "provider": "provider[\"registry.terraform.io/dmacvicar/libvirt\"]",
      "instances": [
        {
          "index_key": 0,
          "schema_version": 0,
          "attributes": {
            "base_volume_id": "/var/lib/libvirt/pools/main/masters-base",
            "base_volume_name": null,
            "base_volume_pool": null,
            "format": "qcow2",
            "id": "/var/lib/libvirt/pools/main/masters0.qcow2",
            "name": "masters0.qcow2",
            "pool": "main",
            "size": 10000000000,
            "source": null,
            "xml": []
          },
          "sensitive_attributes": [],
          "identity_schema_version": 0,
          "private": "bnVsbA==",
          "dependencies": [
            "libvirt_volume.masters_base"
          ]
        }
      ]
    },
    {
      "mode": "managed",
      "type": "libvirt_volume",
      "name": "masters_base",
      "provider": "provider[\"registry.terraform.io/dmacvicar/libvirt\"]",
      "instances": [
        {
          "schema_version": 0,
          "attributes": {
            "base_volume_id": null,
            "base_volume_name": null,
            "base_volume_pool": null,
            "format": "qcow2",
            "id": "/var/lib/libvirt/pools/main/masters-base",
            "name": "masters-base",
            "pool": "main",
            "size": 2361393152,
            "source": "/home/liyih/work/images/ubuntu-22.04.3-kernel-5.15.0-92.iso",
            "xml": []
          },
          "sensitive_attributes": [],
          "identity_schema_version": 0,
          "private": "bnVsbA=="
        }
      ]
    },
    {
      "mode": "managed",
      "type": "libvirt_volume",
      "name": "workers",
      "provider": "provider[\"registry.terraform.io/dmacvicar/libvirt\"]",
      "instances": [
        {
          "index_key": 0,
          "schema_version": 0,
          "attributes": {
            "base_volume_id": "/var/lib/libvirt/pools/main/workers-base",
            "base_volume_name": null,
            "base_volume_pool": null,
            "format": "qcow2",
            "id": "/var/lib/libvirt/pools/main/workers0.qcow2",
            "name": "workers0.qcow2",
            "pool": "main",
            "size": 10000000000,
            "source": null,
            "xml": []
          },
          "sensitive_attributes": [],
          "identity_schema_version": 0,
          "private": "bnVsbA==",
          "dependencies": [
            "libvirt_volume.workers_base"
          ]
        },
        {
          "index_key": 1,
          "schema_version": 0,
          "attributes": {
            "base_volume_id": "/var/lib/libvirt/pools/main/workers-base",
            "base_volume_name": null,
            "base_volume_pool": null,
            "format": "qcow2",
            "id": "/var/lib/libvirt/pools/main/workers1.qcow2",
            "name": "workers1.qcow2",
            "pool": "main",
            "size": 10000000000,
            "source": null,
            "xml": []
          },
          "sensitive_attributes": [],
          "identity_schema_version": 0,
          "private": "bnVsbA==",
          "dependencies": [
            "libvirt_volume.workers_base"
          ]
        }
      ]
    },
    {
      "mode": "managed",
      "type": "libvirt_volume",
      "name": "workers_base",
      "provider": "provider[\"registry.terraform.io/dmacvicar/libvirt\"]",
      "instances": [
        {
          "schema_version": 0,
          "attributes": {
            "base_volume_id": null,
            "base_volume_name": null,
            "base_volume_pool": null,
            "format": "qcow2",
            "id": "/var/lib/libvirt/pools/main/workers-base",
            "name": "workers-base",
            "pool": "main",
            "size": 2361393152,
            "source": "/home/liyih/work/images/ubuntu-22.04.3-kernel-5.15.0-92.iso",
            "xml": []
          },
          "sensitive_attributes": [],
          "identity_schema_version": 0,
          "private": "bnVsbA=="
        }
      ]
    },
    {
      "mode": "managed",
      "type": "local_file",
      "name": "kubekey_config",
      "provider": "provider[\"registry.terraform.io/hashicorp/local\"]",
      "instances": [
        {
          "schema_version": 0,
          "attributes": {
            "content": "apiVersion: kubekey.kubesphere.io/v1alpha2\nkind: Cluster\nmetadata:\n  name: cluster-config\nspec:\n  hosts:\n  - {name: k8s-masters0, address: 192.168.1.20, user: masters0, password: \"testbox\"}\n  - {name: k8s-workers0, address: 192.168.1.30, user: workers0, password: \"testbox\"}\n  - {name: k8s-workers1, address: 192.168.1.31, user: workers1, password: \"testbox\"}\n  roleGroups:\n    etcd:\n    - k8s-masters0\n    master:\n    - k8s-masters0\n    worker:\n    - k8s-workers0\n    - k8s-workers1\n  kubernetes:\n    containerManager: containerd\n    disableKubeProxy: true\n    version: 1.33.3\n    nodelocaldns: false\n  network:\n    plugin: none\n    kubeServiceCIDR: 172.16.0.0/16\n",
            "content_base64": null,
            "content_base64sha256": "V/cDYqTLCgUtrzXpjaKcQ8DcpqBPjUjjcoZsPnLBJO0=",
            "content_base64sha512": "OvPHNfkW3ZrxakCRZuWuIn+sXX++RF9WTAj+PG6qrqbyIx8UKpxLVWjnYUY9BHgKFVFz0RFVd5rnuey2HEFnEQ==",
            "content_md5": "f7a570202a120b83ac75179b8e29f230",
            "content_sha1": "2c69ff1814eca264884bb984d92b3a41f8e77996",
            "content_sha256": "57f70362a4cb0a052daf35e98da29c43c0dca6a04f8d48e372866c3e72c124ed",
            "content_sha512": "3af3c735f916dd9af16a409166e5ae227fac5d7fbe445f564c08fe3c6eaaaea6f2231f142a9c4b5568e761463d04780a155173d11155779ae7b9ecb61c416711",
            "directory_permission": "0777",
            "file_permission": "0777",
            "filename": "./output/kubekey.yaml",
            "id": "2c69ff1814eca264884bb984d92b3a41f8e77996",
            "sensitive_content": null,
            "source": null
          },
          "sensitive_attributes": [
            [
              {
                "type": "get_attr",
                "value": "sensitive_content"
              }
            ]
          ],
          "identity_schema_version": 0
        }
      ]
    },
    {
      "mode": "managed",
      "type": "null_resource",
      "name": "testbox_install_k8s",
      "provider": "provider[\"registry.terraform.io/hashicorp/null\"]",
      "instances": [
        {
          "status": "tainted",
          "schema_version": 0,
          "attributes": {
            "id": "5644833022130522560",
            "triggers": null
          },
          "sensitive_attributes": [],
          "identity_schema_version": 0,
          "dependencies": [
            "local_file.kubekey_config"
          ]
        }
      ]
    }
  ],
  "check_results": null
}
